// !$*UTF8*$!
{
	archiveVersion = 1;
	classes = {
	};
	objectVersion = 56;
	objects = {

/* Begin PBXBuildFile section */
		845BAD192AC585E5003E8D4E /* Constants.swift in Sources */ = {isa = PBXBuildFile; fileRef = 845BAD182AC585E4003E8D4E /* Constants.swift */; };
		845BAD1C2AC59A4E003E8D4E /* AuthViewController.swift in Sources */ = {isa = PBXBuildFile; fileRef = 845BAD1B2AC59A4E003E8D4E /* AuthViewController.swift */; };
		845BAD1E2AC59C5E003E8D4E /* WebViewViewController.swift in Sources */ = {isa = PBXBuildFile; fileRef = 845BAD1D2AC59C5E003E8D4E /* WebViewViewController.swift */; };
		845D6B942AE4679900DAF9EB /* Kingfisher in Frameworks */ = {isa = PBXBuildFile; productRef = 845D6B932AE4679900DAF9EB /* Kingfisher */; };
		84664E522ACBFFD400724B0E /* OAuth2Service.swift in Sources */ = {isa = PBXBuildFile; fileRef = 84664E512ACBFFD400724B0E /* OAuth2Service.swift */; };
		84664E552ACC001B00724B0E /* OAuthTokenResponseBody.swift in Sources */ = {isa = PBXBuildFile; fileRef = 84664E542ACC001B00724B0E /* OAuthTokenResponseBody.swift */; };
		84664E572ACC097200724B0E /* OAuth2TokenStorage.swift in Sources */ = {isa = PBXBuildFile; fileRef = 84664E562ACC097200724B0E /* OAuth2TokenStorage.swift */; };
		84664E5B2AD5C18E00724B0E /* SplashViewController.swift in Sources */ = {isa = PBXBuildFile; fileRef = 84664E5A2AD5C18E00724B0E /* SplashViewController.swift */; };
		846EDB222AE05CB000C0B7CE /* ProfileImageService.swift in Sources */ = {isa = PBXBuildFile; fileRef = 846EDB212AE05CB000C0B7CE /* ProfileImageService.swift */; };
		8478171D2A9B9ED3004F973F /* AppDelegate.swift in Sources */ = {isa = PBXBuildFile; fileRef = 8478171C2A9B9ED3004F973F /* AppDelegate.swift */; };
		8478171F2A9B9ED3004F973F /* SceneDelegate.swift in Sources */ = {isa = PBXBuildFile; fileRef = 8478171E2A9B9ED3004F973F /* SceneDelegate.swift */; };
		847817212A9B9ED3004F973F /* ImageListViewController.swift in Sources */ = {isa = PBXBuildFile; fileRef = 847817202A9B9ED3004F973F /* ImageListViewController.swift */; };
		847817242A9B9ED3004F973F /* Main.storyboard in Resources */ = {isa = PBXBuildFile; fileRef = 847817222A9B9ED3004F973F /* Main.storyboard */; };
		847817262A9B9ED5004F973F /* Assets.xcassets in Resources */ = {isa = PBXBuildFile; fileRef = 847817252A9B9ED5004F973F /* Assets.xcassets */; };
		847817292A9B9ED5004F973F /* LaunchScreen.storyboard in Resources */ = {isa = PBXBuildFile; fileRef = 847817272A9B9ED5004F973F /* LaunchScreen.storyboard */; };
		84838B922AE7F1C1005E0E67 /* SwiftKeychainWrapper in Frameworks */ = {isa = PBXBuildFile; productRef = 84838B912AE7F1C1005E0E67 /* SwiftKeychainWrapper */; };
		84B66AFE2AB2E59C00F3EE1B /* ImageListCell.swift in Sources */ = {isa = PBXBuildFile; fileRef = 84B66AFD2AB2E59C00F3EE1B /* ImageListCell.swift */; };
		84ECE4232AB9861100B6A533 /* ProfileViewController.swift in Sources */ = {isa = PBXBuildFile; fileRef = 84ECE4222AB9861100B6A533 /* ProfileViewController.swift */; };
		84ECE42A2ABB67CA00B6A533 /* SingleImageViewController.swift in Sources */ = {isa = PBXBuildFile; fileRef = 84ECE4292ABB67CA00B6A533 /* SingleImageViewController.swift */; };
		84F709362AD86E0700F739C4 /* ProgressHUD in Frameworks */ = {isa = PBXBuildFile; productRef = 84F709352AD86E0700F739C4 /* ProgressHUD */; };
		84F7095A2ADC613A00F739C4 /* UIBlockingProgressHUD.swift in Sources */ = {isa = PBXBuildFile; fileRef = 84F709592ADC613A00F739C4 /* UIBlockingProgressHUD.swift */; };
		84F7095C2ADDA07600F739C4 /* ProfileService.swift in Sources */ = {isa = PBXBuildFile; fileRef = 84F7095B2ADDA07600F739C4 /* ProfileService.swift */; };
/* End PBXBuildFile section */

/* Begin PBXFileReference section */
		845BAD182AC585E4003E8D4E /* Constants.swift */ = {isa = PBXFileReference; lastKnownFileType = sourcecode.swift; path = Constants.swift; sourceTree = "<group>"; };
		845BAD1B2AC59A4E003E8D4E /* AuthViewController.swift */ = {isa = PBXFileReference; lastKnownFileType = sourcecode.swift; path = AuthViewController.swift; sourceTree = "<group>"; };
		845BAD1D2AC59C5E003E8D4E /* WebViewViewController.swift */ = {isa = PBXFileReference; lastKnownFileType = sourcecode.swift; path = WebViewViewController.swift; sourceTree = "<group>"; };
		84664E512ACBFFD400724B0E /* OAuth2Service.swift */ = {isa = PBXFileReference; lastKnownFileType = sourcecode.swift; path = OAuth2Service.swift; sourceTree = "<group>"; };
		84664E542ACC001B00724B0E /* OAuthTokenResponseBody.swift */ = {isa = PBXFileReference; lastKnownFileType = sourcecode.swift; path = OAuthTokenResponseBody.swift; sourceTree = "<group>"; };
		84664E562ACC097200724B0E /* OAuth2TokenStorage.swift */ = {isa = PBXFileReference; lastKnownFileType = sourcecode.swift; path = OAuth2TokenStorage.swift; sourceTree = "<group>"; };
		84664E5A2AD5C18E00724B0E /* SplashViewController.swift */ = {isa = PBXFileReference; lastKnownFileType = sourcecode.swift; path = SplashViewController.swift; sourceTree = "<group>"; };
		846EDB212AE05CB000C0B7CE /* ProfileImageService.swift */ = {isa = PBXFileReference; lastKnownFileType = sourcecode.swift; path = ProfileImageService.swift; sourceTree = "<group>"; };
		847817192A9B9ED3004F973F /* Image Feed.app */ = {isa = PBXFileReference; explicitFileType = wrapper.application; includeInIndex = 0; path = "Image Feed.app"; sourceTree = BUILT_PRODUCTS_DIR; };
		8478171C2A9B9ED3004F973F /* AppDelegate.swift */ = {isa = PBXFileReference; lastKnownFileType = sourcecode.swift; path = AppDelegate.swift; sourceTree = "<group>"; };
		8478171E2A9B9ED3004F973F /* SceneDelegate.swift */ = {isa = PBXFileReference; lastKnownFileType = sourcecode.swift; path = SceneDelegate.swift; sourceTree = "<group>"; };
		847817202A9B9ED3004F973F /* ImageListViewController.swift */ = {isa = PBXFileReference; lastKnownFileType = sourcecode.swift; path = ImageListViewController.swift; sourceTree = "<group>"; };
		847817232A9B9ED3004F973F /* Base */ = {isa = PBXFileReference; lastKnownFileType = file.storyboard; name = Base; path = Base.lproj/Main.storyboard; sourceTree = "<group>"; };
		847817252A9B9ED5004F973F /* Assets.xcassets */ = {isa = PBXFileReference; lastKnownFileType = folder.assetcatalog; path = Assets.xcassets; sourceTree = "<group>"; };
		847817282A9B9ED5004F973F /* Base */ = {isa = PBXFileReference; lastKnownFileType = file.storyboard; name = Base; path = Base.lproj/LaunchScreen.storyboard; sourceTree = "<group>"; };
		8478172A2A9B9ED5004F973F /* Info.plist */ = {isa = PBXFileReference; lastKnownFileType = text.plist.xml; path = Info.plist; sourceTree = "<group>"; };
		84B66AFD2AB2E59C00F3EE1B /* ImageListCell.swift */ = {isa = PBXFileReference; lastKnownFileType = sourcecode.swift; path = ImageListCell.swift; sourceTree = "<group>"; };
		84ECE4222AB9861100B6A533 /* ProfileViewController.swift */ = {isa = PBXFileReference; lastKnownFileType = sourcecode.swift; path = ProfileViewController.swift; sourceTree = "<group>"; };
		84ECE4292ABB67CA00B6A533 /* SingleImageViewController.swift */ = {isa = PBXFileReference; lastKnownFileType = sourcecode.swift; path = SingleImageViewController.swift; sourceTree = "<group>"; };
		84F709592ADC613A00F739C4 /* UIBlockingProgressHUD.swift */ = {isa = PBXFileReference; lastKnownFileType = sourcecode.swift; path = UIBlockingProgressHUD.swift; sourceTree = "<group>"; };
		84F7095B2ADDA07600F739C4 /* ProfileService.swift */ = {isa = PBXFileReference; lastKnownFileType = sourcecode.swift; path = ProfileService.swift; sourceTree = "<group>"; };
/* End PBXFileReference section */

/* Begin PBXFrameworksBuildPhase section */
		847817162A9B9ED3004F973F /* Frameworks */ = {
			isa = PBXFrameworksBuildPhase;
			buildActionMask = 2147483647;
			files = (
				845D6B942AE4679900DAF9EB /* Kingfisher in Frameworks */,
				84F709362AD86E0700F739C4 /* ProgressHUD in Frameworks */,
				84838B922AE7F1C1005E0E67 /* SwiftKeychainWrapper in Frameworks */,
			);
			runOnlyForDeploymentPostprocessing = 0;
		};
/* End PBXFrameworksBuildPhase section */

/* Begin PBXGroup section */
		845BAD1A2AC59A09003E8D4E /* Auth */ = {
			isa = PBXGroup;
			children = (
				845BAD1B2AC59A4E003E8D4E /* AuthViewController.swift */,
				845BAD1D2AC59C5E003E8D4E /* WebViewViewController.swift */,
				84664E512ACBFFD400724B0E /* OAuth2Service.swift */,
				84664E562ACC097200724B0E /* OAuth2TokenStorage.swift */,
			);
			path = Auth;
			sourceTree = "<group>";
		};
		84664E532ACC000500724B0E /* Models */ = {
			isa = PBXGroup;
			children = (
				84664E542ACC001B00724B0E /* OAuthTokenResponseBody.swift */,
			);
			path = Models;
			sourceTree = "<group>";
		};
		847817102A9B9ED3004F973F = {
			isa = PBXGroup;
			children = (
				8478171B2A9B9ED3004F973F /* Image Feed */,
				8478171A2A9B9ED3004F973F /* Products */,
			);
			sourceTree = "<group>";
		};
		8478171A2A9B9ED3004F973F /* Products */ = {
			isa = PBXGroup;
			children = (
				847817192A9B9ED3004F973F /* Image Feed.app */,
			);
			name = Products;
			sourceTree = "<group>";
		};
		8478171B2A9B9ED3004F973F /* Image Feed */ = {
			isa = PBXGroup;
			children = (
				84664E532ACC000500724B0E /* Models */,
				845BAD1A2AC59A09003E8D4E /* Auth */,
				84ECE4282ABB67A200B6A533 /* Single Image */,
				84ECE4242AB98AFA00B6A533 /* Profile */,
				84B66AFF2AB2E5C300F3EE1B /* ImagesList */,
				84664E5A2AD5C18E00724B0E /* SplashViewController.swift */,
				845BAD182AC585E4003E8D4E /* Constants.swift */,
				8478171C2A9B9ED3004F973F /* AppDelegate.swift */,
				8478171E2A9B9ED3004F973F /* SceneDelegate.swift */,
				847817222A9B9ED3004F973F /* Main.storyboard */,
				847817252A9B9ED5004F973F /* Assets.xcassets */,
				847817272A9B9ED5004F973F /* LaunchScreen.storyboard */,
				8478172A2A9B9ED5004F973F /* Info.plist */,
				84F709592ADC613A00F739C4 /* UIBlockingProgressHUD.swift */,
			);
			path = "Image Feed";
			sourceTree = "<group>";
		};
		84B66AFF2AB2E5C300F3EE1B /* ImagesList */ = {
			isa = PBXGroup;
			children = (
				847817202A9B9ED3004F973F /* ImageListViewController.swift */,
				84B66AFD2AB2E59C00F3EE1B /* ImageListCell.swift */,
			);
			path = ImagesList;
			sourceTree = "<group>";
		};
		84ECE4242AB98AFA00B6A533 /* Profile */ = {
			isa = PBXGroup;
			children = (
				84ECE4222AB9861100B6A533 /* ProfileViewController.swift */,
				84F7095B2ADDA07600F739C4 /* ProfileService.swift */,
				846EDB212AE05CB000C0B7CE /* ProfileImageService.swift */,
			);
			path = Profile;
			sourceTree = "<group>";
		};
		84ECE4282ABB67A200B6A533 /* Single Image */ = {
			isa = PBXGroup;
			children = (
				84ECE4292ABB67CA00B6A533 /* SingleImageViewController.swift */,
			);
			path = "Single Image";
			sourceTree = "<group>";
		};
/* End PBXGroup section */

/* Begin PBXNativeTarget section */
		847817182A9B9ED3004F973F /* Image Feed */ = {
			isa = PBXNativeTarget;
			buildConfigurationList = 8478172D2A9B9ED5004F973F /* Build configuration list for PBXNativeTarget "Image Feed" */;
			buildPhases = (
				847817152A9B9ED3004F973F /* Sources */,
				847817162A9B9ED3004F973F /* Frameworks */,
				847817172A9B9ED3004F973F /* Resources */,
			);
			buildRules = (
			);
			dependencies = (
			);
			name = "Image Feed";
			packageProductDependencies = (
				84F709352AD86E0700F739C4 /* ProgressHUD */,
				845D6B932AE4679900DAF9EB /* Kingfisher */,
				84838B912AE7F1C1005E0E67 /* SwiftKeychainWrapper */,
			);
			productName = "Image Feed";
			productReference = 847817192A9B9ED3004F973F /* Image Feed.app */;
			productType = "com.apple.product-type.application";
		};
/* End PBXNativeTarget section */

/* Begin PBXProject section */
		847817112A9B9ED3004F973F /* Project object */ = {
			isa = PBXProject;
			attributes = {
				BuildIndependentTargetsInParallel = 1;
				LastSwiftUpdateCheck = 1430;
				LastUpgradeCheck = 1500;
				TargetAttributes = {
					847817182A9B9ED3004F973F = {
						CreatedOnToolsVersion = 14.3.1;
					};
				};
			};
			buildConfigurationList = 847817142A9B9ED3004F973F /* Build configuration list for PBXProject "Image Feed" */;
			compatibilityVersion = "Xcode 14.0";
			developmentRegion = en;
			hasScannedForEncodings = 0;
			knownRegions = (
				en,
				Base,
			);
			mainGroup = 847817102A9B9ED3004F973F;
			packageReferences = (
				84F709342AD86E0700F739C4 /* XCRemoteSwiftPackageReference "ProgressHUD" */,
				845D6B922AE4679900DAF9EB /* XCRemoteSwiftPackageReference "Kingfisher" */,
				84838B902AE7F1C1005E0E67 /* XCRemoteSwiftPackageReference "SwiftKeychainWrapper" */,
			);
			productRefGroup = 8478171A2A9B9ED3004F973F /* Products */;
			projectDirPath = "";
			projectRoot = "";
			targets = (
				847817182A9B9ED3004F973F /* Image Feed */,
			);
		};
/* End PBXProject section */

/* Begin PBXResourcesBuildPhase section */
		847817172A9B9ED3004F973F /* Resources */ = {
			isa = PBXResourcesBuildPhase;
			buildActionMask = 2147483647;
			files = (
				847817292A9B9ED5004F973F /* LaunchScreen.storyboard in Resources */,
				847817262A9B9ED5004F973F /* Assets.xcassets in Resources */,
				847817242A9B9ED3004F973F /* Main.storyboard in Resources */,
			);
			runOnlyForDeploymentPostprocessing = 0;
		};
/* End PBXResourcesBuildPhase section */

/* Begin PBXSourcesBuildPhase section */
		847817152A9B9ED3004F973F /* Sources */ = {
			isa = PBXSourcesBuildPhase;
			buildActionMask = 2147483647;
			files = (
				84ECE42A2ABB67CA00B6A533 /* SingleImageViewController.swift in Sources */,
				847817212A9B9ED3004F973F /* ImageListViewController.swift in Sources */,
				84664E552ACC001B00724B0E /* OAuthTokenResponseBody.swift in Sources */,
				84B66AFE2AB2E59C00F3EE1B /* ImageListCell.swift in Sources */,
				84ECE4232AB9861100B6A533 /* ProfileViewController.swift in Sources */,
				84664E5B2AD5C18E00724B0E /* SplashViewController.swift in Sources */,
				84664E522ACBFFD400724B0E /* OAuth2Service.swift in Sources */,
				845BAD1C2AC59A4E003E8D4E /* AuthViewController.swift in Sources */,
				845BAD192AC585E5003E8D4E /* Constants.swift in Sources */,
				846EDB222AE05CB000C0B7CE /* ProfileImageService.swift in Sources */,
				8478171D2A9B9ED3004F973F /* AppDelegate.swift in Sources */,
				845BAD1E2AC59C5E003E8D4E /* WebViewViewController.swift in Sources */,
				84664E572ACC097200724B0E /* OAuth2TokenStorage.swift in Sources */,
				8478171F2A9B9ED3004F973F /* SceneDelegate.swift in Sources */,
				84F7095A2ADC613A00F739C4 /* UIBlockingProgressHUD.swift in Sources */,
				84F7095C2ADDA07600F739C4 /* ProfileService.swift in Sources */,
			);
			runOnlyForDeploymentPostprocessing = 0;
		};
/* End PBXSourcesBuildPhase section */

/* Begin PBXVariantGroup section */
		847817222A9B9ED3004F973F /* Main.storyboard */ = {
			isa = PBXVariantGroup;
			children = (
				847817232A9B9ED3004F973F /* Base */,
			);
			name = Main.storyboard;
			sourceTree = "<group>";
		};
		847817272A9B9ED5004F973F /* LaunchScreen.storyboard */ = {
			isa = PBXVariantGroup;
			children = (
				847817282A9B9ED5004F973F /* Base */,
			);
			name = LaunchScreen.storyboard;
			sourceTree = "<group>";
		};
/* End PBXVariantGroup section */

/* Begin XCBuildConfiguration section */
		8478172B2A9B9ED5004F973F /* Debug */ = {
			isa = XCBuildConfiguration;
			buildSettings = {
				ALWAYS_SEARCH_USER_PATHS = NO;
				CLANG_ANALYZER_NONNULL = YES;
				CLANG_ANALYZER_NUMBER_OBJECT_CONVERSION = YES_AGGRESSIVE;
				CLANG_CXX_LANGUAGE_STANDARD = "gnu++20";
				CLANG_ENABLE_MODULES = YES;
				CLANG_ENABLE_OBJC_ARC = YES;
				CLANG_ENABLE_OBJC_WEAK = YES;
				CLANG_WARN_BLOCK_CAPTURE_AUTORELEASING = YES;
				CLANG_WARN_BOOL_CONVERSION = YES;
				CLANG_WARN_COMMA = YES;
				CLANG_WARN_CONSTANT_CONVERSION = YES;
				CLANG_WARN_DEPRECATED_OBJC_IMPLEMENTATIONS = YES;
				CLANG_WARN_DIRECT_OBJC_ISA_USAGE = YES_ERROR;
				CLANG_WARN_DOCUMENTATION_COMMENTS = YES;
				CLANG_WARN_EMPTY_BODY = YES;
				CLANG_WARN_ENUM_CONVERSION = YES;
				CLANG_WARN_INFINITE_RECURSION = YES;
				CLANG_WARN_INT_CONVERSION = YES;
				CLANG_WARN_NON_LITERAL_NULL_CONVERSION = YES;
				CLANG_WARN_OBJC_IMPLICIT_RETAIN_SELF = YES;
				CLANG_WARN_OBJC_LITERAL_CONVERSION = YES;
				CLANG_WARN_OBJC_ROOT_CLASS = YES_ERROR;
				CLANG_WARN_QUOTED_INCLUDE_IN_FRAMEWORK_HEADER = YES;
				CLANG_WARN_RANGE_LOOP_ANALYSIS = YES;
				CLANG_WARN_STRICT_PROTOTYPES = YES;
				CLANG_WARN_SUSPICIOUS_MOVE = YES;
				CLANG_WARN_UNGUARDED_AVAILABILITY = YES_AGGRESSIVE;
				CLANG_WARN_UNREACHABLE_CODE = YES;
				CLANG_WARN__DUPLICATE_METHOD_MATCH = YES;
				COPY_PHASE_STRIP = NO;
				DEBUG_INFORMATION_FORMAT = dwarf;
				ENABLE_STRICT_OBJC_MSGSEND = YES;
				ENABLE_TESTABILITY = YES;
				ENABLE_USER_SCRIPT_SANDBOXING = YES;
				GCC_C_LANGUAGE_STANDARD = gnu11;
				GCC_DYNAMIC_NO_PIC = NO;
				GCC_NO_COMMON_BLOCKS = YES;
				GCC_OPTIMIZATION_LEVEL = 0;
				GCC_PREPROCESSOR_DEFINITIONS = (
					"DEBUG=1",
					"$(inherited)",
				);
				GCC_WARN_64_TO_32_BIT_CONVERSION = YES;
				GCC_WARN_ABOUT_RETURN_TYPE = YES_ERROR;
				GCC_WARN_UNDECLARED_SELECTOR = YES;
				GCC_WARN_UNINITIALIZED_AUTOS = YES_AGGRESSIVE;
				GCC_WARN_UNUSED_FUNCTION = YES;
				GCC_WARN_UNUSED_VARIABLE = YES;
				IPHONEOS_DEPLOYMENT_TARGET = 13.0;
				MTL_ENABLE_DEBUG_INFO = INCLUDE_SOURCE;
				MTL_FAST_MATH = YES;
				ONLY_ACTIVE_ARCH = YES;
				SDKROOT = iphoneos;
				SWIFT_ACTIVE_COMPILATION_CONDITIONS = DEBUG;
				SWIFT_OPTIMIZATION_LEVEL = "-Onone";
			};
			name = Debug;
		};
		8478172C2A9B9ED5004F973F /* Release */ = {
			isa = XCBuildConfiguration;
			buildSettings = {
				ALWAYS_SEARCH_USER_PATHS = NO;
				CLANG_ANALYZER_NONNULL = YES;
				CLANG_ANALYZER_NUMBER_OBJECT_CONVERSION = YES_AGGRESSIVE;
				CLANG_CXX_LANGUAGE_STANDARD = "gnu++20";
				CLANG_ENABLE_MODULES = YES;
				CLANG_ENABLE_OBJC_ARC = YES;
				CLANG_ENABLE_OBJC_WEAK = YES;
				CLANG_WARN_BLOCK_CAPTURE_AUTORELEASING = YES;
				CLANG_WARN_BOOL_CONVERSION = YES;
				CLANG_WARN_COMMA = YES;
				CLANG_WARN_CONSTANT_CONVERSION = YES;
				CLANG_WARN_DEPRECATED_OBJC_IMPLEMENTATIONS = YES;
				CLANG_WARN_DIRECT_OBJC_ISA_USAGE = YES_ERROR;
				CLANG_WARN_DOCUMENTATION_COMMENTS = YES;
				CLANG_WARN_EMPTY_BODY = YES;
				CLANG_WARN_ENUM_CONVERSION = YES;
				CLANG_WARN_INFINITE_RECURSION = YES;
				CLANG_WARN_INT_CONVERSION = YES;
				CLANG_WARN_NON_LITERAL_NULL_CONVERSION = YES;
				CLANG_WARN_OBJC_IMPLICIT_RETAIN_SELF = YES;
				CLANG_WARN_OBJC_LITERAL_CONVERSION = YES;
				CLANG_WARN_OBJC_ROOT_CLASS = YES_ERROR;
				CLANG_WARN_QUOTED_INCLUDE_IN_FRAMEWORK_HEADER = YES;
				CLANG_WARN_RANGE_LOOP_ANALYSIS = YES;
				CLANG_WARN_STRICT_PROTOTYPES = YES;
				CLANG_WARN_SUSPICIOUS_MOVE = YES;
				CLANG_WARN_UNGUARDED_AVAILABILITY = YES_AGGRESSIVE;
				CLANG_WARN_UNREACHABLE_CODE = YES;
				CLANG_WARN__DUPLICATE_METHOD_MATCH = YES;
				COPY_PHASE_STRIP = NO;
				DEBUG_INFORMATION_FORMAT = "dwarf-with-dsym";
				ENABLE_NS_ASSERTIONS = NO;
				ENABLE_STRICT_OBJC_MSGSEND = YES;
				ENABLE_USER_SCRIPT_SANDBOXING = YES;
				GCC_C_LANGUAGE_STANDARD = gnu11;
				GCC_NO_COMMON_BLOCKS = YES;
				GCC_WARN_64_TO_32_BIT_CONVERSION = YES;
				GCC_WARN_ABOUT_RETURN_TYPE = YES_ERROR;
				GCC_WARN_UNDECLARED_SELECTOR = YES;
				GCC_WARN_UNINITIALIZED_AUTOS = YES_AGGRESSIVE;
				GCC_WARN_UNUSED_FUNCTION = YES;
				GCC_WARN_UNUSED_VARIABLE = YES;
				IPHONEOS_DEPLOYMENT_TARGET = 13.0;
				MTL_ENABLE_DEBUG_INFO = NO;
				MTL_FAST_MATH = YES;
				SDKROOT = iphoneos;
				SWIFT_COMPILATION_MODE = wholemodule;
				SWIFT_OPTIMIZATION_LEVEL = "-O";
				VALIDATE_PRODUCT = YES;
			};
			name = Release;
		};
		8478172E2A9B9ED5004F973F /* Debug */ = {
			isa = XCBuildConfiguration;
			buildSettings = {
				ASSETCATALOG_COMPILER_APPICON_NAME = AppIcon;
				ASSETCATALOG_COMPILER_GLOBAL_ACCENT_COLOR_NAME = AccentColor;
				CODE_SIGN_STYLE = Automatic;
				CURRENT_PROJECT_VERSION = 1;
				DEVELOPMENT_TEAM = U423669TKH;
				GENERATE_INFOPLIST_FILE = YES;
				INFOPLIST_FILE = "Image Feed/Info.plist";
				INFOPLIST_KEY_UIApplicationSupportsIndirectInputEvents = YES;
				INFOPLIST_KEY_UILaunchStoryboardName = LaunchScreen;
				INFOPLIST_KEY_UIMainStoryboardFile = Main;
				INFOPLIST_KEY_UISupportedInterfaceOrientations = UIInterfaceOrientationPortrait;
				INFOPLIST_KEY_UISupportedInterfaceOrientations_iPad = UIInterfaceOrientationPortrait;
				IPHONEOS_DEPLOYMENT_TARGET = 13.0;
				LD_RUNPATH_SEARCH_PATHS = (
					"$(inherited)",
					"@executable_path/Frameworks",
				);
				MARKETING_VERSION = 1.0;
				PRODUCT_BUNDLE_IDENTIFIER = "sv.practicum.Image-Feed";
				PRODUCT_NAME = "$(TARGET_NAME)";
				SUPPORTED_PLATFORMS = "iphoneos iphonesimulator";
				SUPPORTS_MACCATALYST = NO;
				SUPPORTS_MAC_DESIGNED_FOR_IPHONE_IPAD = YES;
				SWIFT_EMIT_LOC_STRINGS = YES;
				SWIFT_VERSION = 5.0;
				TARGETED_DEVICE_FAMILY = 1;
			};
			name = Debug;
		};
		8478172F2A9B9ED5004F973F /* Release */ = {
			isa = XCBuildConfiguration;
			buildSettings = {
				ASSETCATALOG_COMPILER_APPICON_NAME = AppIcon;
				ASSETCATALOG_COMPILER_GLOBAL_ACCENT_COLOR_NAME = AccentColor;
				CODE_SIGN_STYLE = Automatic;
				CURRENT_PROJECT_VERSION = 1;
				DEVELOPMENT_TEAM = U423669TKH;
				GENERATE_INFOPLIST_FILE = YES;
				INFOPLIST_FILE = "Image Feed/Info.plist";
				INFOPLIST_KEY_UIApplicationSupportsIndirectInputEvents = YES;
				INFOPLIST_KEY_UILaunchStoryboardName = LaunchScreen;
				INFOPLIST_KEY_UIMainStoryboardFile = Main;
				INFOPLIST_KEY_UISupportedInterfaceOrientations = UIInterfaceOrientationPortrait;
				INFOPLIST_KEY_UISupportedInterfaceOrientations_iPad = UIInterfaceOrientationPortrait;
				IPHONEOS_DEPLOYMENT_TARGET = 13.0;
				LD_RUNPATH_SEARCH_PATHS = (
					"$(inherited)",
					"@executable_path/Frameworks",
				);
				MARKETING_VERSION = 1.0;
				PRODUCT_BUNDLE_IDENTIFIER = "sv.practicum.Image-Feed";
				PRODUCT_NAME = "$(TARGET_NAME)";
				SUPPORTED_PLATFORMS = "iphoneos iphonesimulator";
				SUPPORTS_MACCATALYST = NO;
				SUPPORTS_MAC_DESIGNED_FOR_IPHONE_IPAD = YES;
				SWIFT_EMIT_LOC_STRINGS = YES;
				SWIFT_VERSION = 5.0;
				TARGETED_DEVICE_FAMILY = 1;
			};
			name = Release;
		};
/* End XCBuildConfiguration section */

/* Begin XCConfigurationList section */
		847817142A9B9ED3004F973F /* Build configuration list for PBXProject "Image Feed" */ = {
			isa = XCConfigurationList;
			buildConfigurations = (
				8478172B2A9B9ED5004F973F /* Debug */,
				8478172C2A9B9ED5004F973F /* Release */,
			);
			defaultConfigurationIsVisible = 0;
			defaultConfigurationName = Release;
		};
		8478172D2A9B9ED5004F973F /* Build configuration list for PBXNativeTarget "Image Feed" */ = {
			isa = XCConfigurationList;
			buildConfigurations = (
				8478172E2A9B9ED5004F973F /* Debug */,
				8478172F2A9B9ED5004F973F /* Release */,
			);
			defaultConfigurationIsVisible = 0;
			defaultConfigurationName = Release;
		};
/* End XCConfigurationList section */

/* Begin XCRemoteSwiftPackageReference section */
		845D6B922AE4679900DAF9EB /* XCRemoteSwiftPackageReference "Kingfisher" */ = {
			isa = XCRemoteSwiftPackageReference;
			repositoryURL = "https://github.com/onevcat/Kingfisher";
			requirement = {
				kind = exactVersion;
				version = 7.9.1;
			};
		};
		84838B902AE7F1C1005E0E67 /* XCRemoteSwiftPackageReference "SwiftKeychainWrapper" */ = {
			isa = XCRemoteSwiftPackageReference;
			repositoryURL = "https://github.com/jrendel/SwiftKeychainWrapper";
			requirement = {
				kind = exactVersion;
				version = 4.0.1;
			};
		};
		84F709342AD86E0700F739C4 /* XCRemoteSwiftPackageReference "ProgressHUD" */ = {
			isa = XCRemoteSwiftPackageReference;
			repositoryURL = "https://github.com/relatedcode/ProgressHUD";
			requirement = {
				kind = exactVersion;
				version = 13.8.4;
			};
		};
/* End XCRemoteSwiftPackageReference section */

/* Begin XCSwiftPackageProductDependency section */
		845D6B932AE4679900DAF9EB /* Kingfisher */ = {
			isa = XCSwiftPackageProductDependency;
			package = 845D6B922AE4679900DAF9EB /* XCRemoteSwiftPackageReference "Kingfisher" */;
			productName = Kingfisher;
		};
		84838B912AE7F1C1005E0E67 /* SwiftKeychainWrapper */ = {
			isa = XCSwiftPackageProductDependency;
			package = 84838B902AE7F1C1005E0E67 /* XCRemoteSwiftPackageReference "SwiftKeychainWrapper" */;
			productName = SwiftKeychainWrapper;
		};
		84F709352AD86E0700F739C4 /* ProgressHUD */ = {
			isa = XCSwiftPackageProductDependency;
			package = 84F709342AD86E0700F739C4 /* XCRemoteSwiftPackageReference "ProgressHUD" */;
			productName = ProgressHUD;
		};
/* End XCSwiftPackageProductDependency section */
	};
	rootObject = 847817112A9B9ED3004F973F /* Project object */;
}
