{
  "pins" : [
    {
      "identity" : "progresshud",
      "kind" : "remoteSourceControl",
      "location" : "https://github.com/relatedcode/ProgressHUD",
      "state" : {
        "revision" : "dec8dd8a4e24685fb2eb53b6b83bbbf9b20695c6",
        "version" : "13.8.4"
      }
    }
  ],
  "version" : 2
}
